// !$*UTF8*$!
{
	archiveVersion = 1;
	classes = {
	};
	objectVersion = 50;
	objects = {

/* Begin PBXBuildFile section */
		5A87E0E021F2ED1800AE2F9A /* AppDelegate.swift in Sources */ = {isa = PBXBuildFile; fileRef = 5A87E0DF21F2ED1800AE2F9A /* AppDelegate.swift */; };
		5A87E0E221F2ED1800AE2F9A /* ViewController.swift in Sources */ = {isa = PBXBuildFile; fileRef = 5A87E0E121F2ED1800AE2F9A /* ViewController.swift */; };
		5A87E0E521F2ED1800AE2F9A /* Main.storyboard in Resources */ = {isa = PBXBuildFile; fileRef = 5A87E0E321F2ED1800AE2F9A /* Main.storyboard */; };
		5A87E0E721F2ED1900AE2F9A /* Assets.xcassets in Resources */ = {isa = PBXBuildFile; fileRef = 5A87E0E621F2ED1900AE2F9A /* Assets.xcassets */; };
		5A87E0EA21F2ED1900AE2F9A /* LaunchScreen.storyboard in Resources */ = {isa = PBXBuildFile; fileRef = 5A87E0E821F2ED1900AE2F9A /* LaunchScreen.storyboard */; };
		5A87E0F521F2ED1900AE2F9A /* NetworkLayerTests.swift in Sources */ = {isa = PBXBuildFile; fileRef = 5A87E0F421F2ED1900AE2F9A /* NetworkLayerTests.swift */; };
/* End PBXBuildFile section */

/* Begin PBXContainerItemProxy section */
		5A87E0F121F2ED1900AE2F9A /* PBXContainerItemProxy */ = {
			isa = PBXContainerItemProxy;
			containerPortal = 5A87E0D421F2ED1800AE2F9A /* Project object */;
			proxyType = 1;
			remoteGlobalIDString = 5A87E0DB21F2ED1800AE2F9A;
			remoteInfo = NetworkLayer;
		};
/* End PBXContainerItemProxy section */

/* Begin PBXFileReference section */
		5A87E0DC21F2ED1800AE2F9A /* NetworkLayer.app */ = {isa = PBXFileReference; explicitFileType = wrapper.application; includeInIndex = 0; path = NetworkLayer.app; sourceTree = BUILT_PRODUCTS_DIR; };
		5A87E0DF21F2ED1800AE2F9A /* AppDelegate.swift */ = {isa = PBXFileReference; lastKnownFileType = sourcecode.swift; path = AppDelegate.swift; sourceTree = "<group>"; };
		5A87E0E121F2ED1800AE2F9A /* ViewController.swift */ = {isa = PBXFileReference; lastKnownFileType = sourcecode.swift; path = ViewController.swift; sourceTree = "<group>"; };
		5A87E0E421F2ED1800AE2F9A /* Base */ = {isa = PBXFileReference; lastKnownFileType = file.storyboard; name = Base; path = Base.lproj/Main.storyboard; sourceTree = "<group>"; };
		5A87E0E621F2ED1900AE2F9A /* Assets.xcassets */ = {isa = PBXFileReference; lastKnownFileType = folder.assetcatalog; path = Assets.xcassets; sourceTree = "<group>"; };
		5A87E0E921F2ED1900AE2F9A /* Base */ = {isa = PBXFileReference; lastKnownFileType = file.storyboard; name = Base; path = Base.lproj/LaunchScreen.storyboard; sourceTree = "<group>"; };
		5A87E0EB21F2ED1900AE2F9A /* Info.plist */ = {isa = PBXFileReference; lastKnownFileType = text.plist.xml; path = Info.plist; sourceTree = "<group>"; };
		5A87E0F021F2ED1900AE2F9A /* NetworkLayerTests.xctest */ = {isa = PBXFileReference; explicitFileType = wrapper.cfbundle; includeInIndex = 0; path = NetworkLayerTests.xctest; sourceTree = BUILT_PRODUCTS_DIR; };
		5A87E0F421F2ED1900AE2F9A /* NetworkLayerTests.swift */ = {isa = PBXFileReference; lastKnownFileType = sourcecode.swift; path = NetworkLayerTests.swift; sourceTree = "<group>"; };
		5A87E0F621F2ED1900AE2F9A /* Info.plist */ = {isa = PBXFileReference; lastKnownFileType = text.plist.xml; path = Info.plist; sourceTree = "<group>"; };
/* End PBXFileReference section */

/* Begin PBXFrameworksBuildPhase section */
		5A87E0D921F2ED1800AE2F9A /* Frameworks */ = {
			isa = PBXFrameworksBuildPhase;
			buildActionMask = 2147483647;
			files = (
			);
			runOnlyForDeploymentPostprocessing = 0;
		};
		5A87E0ED21F2ED1900AE2F9A /* Frameworks */ = {
			isa = PBXFrameworksBuildPhase;
			buildActionMask = 2147483647;
			files = (
			);
			runOnlyForDeploymentPostprocessing = 0;
		};
/* End PBXFrameworksBuildPhase section */

/* Begin PBXGroup section */
		5A87E0D321F2ED1800AE2F9A = {
			isa = PBXGroup;
			children = (
				5A87E0DE21F2ED1800AE2F9A /* NetworkLayer */,
				5A87E0F321F2ED1900AE2F9A /* NetworkLayerTests */,
				5A87E0DD21F2ED1800AE2F9A /* Products */,
			);
			sourceTree = "<group>";
		};
		5A87E0DD21F2ED1800AE2F9A /* Products */ = {
			isa = PBXGroup;
			children = (
				5A87E0DC21F2ED1800AE2F9A /* NetworkLayer.app */,
				5A87E0F021F2ED1900AE2F9A /* NetworkLayerTests.xctest */,
			);
			name = Products;
			sourceTree = "<group>";
		};
		5A87E0DE21F2ED1800AE2F9A /* NetworkLayer */ = {
			isa = PBXGroup;
			children = (
				5A87E0DF21F2ED1800AE2F9A /* AppDelegate.swift */,
				5A87E0E121F2ED1800AE2F9A /* ViewController.swift */,
				5A87E0E321F2ED1800AE2F9A /* Main.storyboard */,
				5A87E0E621F2ED1900AE2F9A /* Assets.xcassets */,
				5A87E0E821F2ED1900AE2F9A /* LaunchScreen.storyboard */,
				5A87E0EB21F2ED1900AE2F9A /* Info.plist */,
			);
			path = NetworkLayer;
			sourceTree = "<group>";
		};
		5A87E0F321F2ED1900AE2F9A /* NetworkLayerTests */ = {
			isa = PBXGroup;
			children = (
				5A87E0F421F2ED1900AE2F9A /* NetworkLayerTests.swift */,
				5A87E0F621F2ED1900AE2F9A /* Info.plist */,
			);
			path = NetworkLayerTests;
			sourceTree = "<group>";
		};
/* End PBXGroup section */

/* Begin PBXNativeTarget section */
		5A87E0DB21F2ED1800AE2F9A /* NetworkLayer */ = {
			isa = PBXNativeTarget;
			buildConfigurationList = 5A87E0F921F2ED1900AE2F9A /* Build configuration list for PBXNativeTarget "NetworkLayer" */;
			buildPhases = (
				5A87E0D821F2ED1800AE2F9A /* Sources */,
				5A87E0D921F2ED1800AE2F9A /* Frameworks */,
				5A87E0DA21F2ED1800AE2F9A /* Resources */,
			);
			buildRules = (
			);
			dependencies = (
			);
			name = NetworkLayer;
			productName = NetworkLayer;
			productReference = 5A87E0DC21F2ED1800AE2F9A /* NetworkLayer.app */;
			productType = "com.apple.product-type.application";
		};
		5A87E0EF21F2ED1900AE2F9A /* NetworkLayerTests */ = {
			isa = PBXNativeTarget;
			buildConfigurationList = 5A87E0FC21F2ED1900AE2F9A /* Build configuration list for PBXNativeTarget "NetworkLayerTests" */;
			buildPhases = (
				5A87E0EC21F2ED1900AE2F9A /* Sources */,
				5A87E0ED21F2ED1900AE2F9A /* Frameworks */,
				5A87E0EE21F2ED1900AE2F9A /* Resources */,
			);
			buildRules = (
			);
			dependencies = (
				5A87E0F221F2ED1900AE2F9A /* PBXTargetDependency */,
			);
			name = NetworkLayerTests;
			productName = NetworkLayerTests;
			productReference = 5A87E0F021F2ED1900AE2F9A /* NetworkLayerTests.xctest */;
			productType = "com.apple.product-type.bundle.unit-test";
		};
/* End PBXNativeTarget section */

/* Begin PBXProject section */
		5A87E0D421F2ED1800AE2F9A /* Project object */ = {
			isa = PBXProject;
			attributes = {
				LastSwiftUpdateCheck = 1010;
				LastUpgradeCheck = 1010;
				ORGANIZATIONNAME = "Shubham Kapoor";
				TargetAttributes = {
					5A87E0DB21F2ED1800AE2F9A = {
						CreatedOnToolsVersion = 10.1;
					};
					5A87E0EF21F2ED1900AE2F9A = {
						CreatedOnToolsVersion = 10.1;
						TestTargetID = 5A87E0DB21F2ED1800AE2F9A;
					};
				};
			};
			buildConfigurationList = 5A87E0D721F2ED1800AE2F9A /* Build configuration list for PBXProject "NetworkLayer" */;
			compatibilityVersion = "Xcode 9.3";
			developmentRegion = en;
			hasScannedForEncodings = 0;
			knownRegions = (
				en,
				Base,
			);
			mainGroup = 5A87E0D321F2ED1800AE2F9A;
			productRefGroup = 5A87E0DD21F2ED1800AE2F9A /* Products */;
			projectDirPath = "";
			projectRoot = "";
			targets = (
				5A87E0DB21F2ED1800AE2F9A /* NetworkLayer */,
				5A87E0EF21F2ED1900AE2F9A /* NetworkLayerTests */,
			);
		};
/* End PBXProject section */

/* Begin PBXResourcesBuildPhase section */
		5A87E0DA21F2ED1800AE2F9A /* Resources */ = {
			isa = PBXResourcesBuildPhase;
			buildActionMask = 2147483647;
			files = (
				5A87E0EA21F2ED1900AE2F9A /* LaunchScreen.storyboard in Resources */,
				5A87E0E721F2ED1900AE2F9A /* Assets.xcassets in Resources */,
				5A87E0E521F2ED1800AE2F9A /* Main.storyboard in Resources */,
			);
			runOnlyForDeploymentPostprocessing = 0;
		};
		5A87E0EE21F2ED1900AE2F9A /* Resources */ = {
			isa = PBXResourcesBuildPhase;
			buildActionMask = 2147483647;
			files = (
			);
			runOnlyForDeploymentPostprocessing = 0;
		};
/* End PBXResourcesBuildPhase section */

/* Begin PBXSourcesBuildPhase section */
		5A87E0D821F2ED1800AE2F9A /* Sources */ = {
			isa = PBXSourcesBuildPhase;
			buildActionMask = 2147483647;
			files = (
				5A87E0E221F2ED1800AE2F9A /* ViewController.swift in Sources */,
				5A87E0E021F2ED1800AE2F9A /* AppDelegate.swift in Sources */,
			);
			runOnlyForDeploymentPostprocessing = 0;
		};
		5A87E0EC21F2ED1900AE2F9A /* Sources */ = {
			isa = PBXSourcesBuildPhase;
			buildActionMask = 2147483647;
			files = (
				5A87E0F521F2ED1900AE2F9A /* NetworkLayerTests.swift in Sources */,
			);
			runOnlyForDeploymentPostprocessing = 0;
		};
/* End PBXSourcesBuildPhase section */

/* Begin PBXTargetDependency section */
		5A87E0F221F2ED1900AE2F9A /* PBXTargetDependency */ = {
			isa = PBXTargetDependency;
			target = 5A87E0DB21F2ED1800AE2F9A /* NetworkLayer */;
			targetProxy = 5A87E0F121F2ED1900AE2F9A /* PBXContainerItemProxy */;
		};
/* End PBXTargetDependency section */

/* Begin PBXVariantGroup section */
		5A87E0E321F2ED1800AE2F9A /* Main.storyboard */ = {
			isa = PBXVariantGroup;
			children = (
				5A87E0E421F2ED1800AE2F9A /* Base */,
			);
			name = Main.storyboard;
			sourceTree = "<group>";
		};
		5A87E0E821F2ED1900AE2F9A /* LaunchScreen.storyboard */ = {
			isa = PBXVariantGroup;
			children = (
				5A87E0E921F2ED1900AE2F9A /* Base */,
			);
			name = LaunchScreen.storyboard;
			sourceTree = "<group>";
		};
/* End PBXVariantGroup section */

/* Begin XCBuildConfiguration section */
		5A87E0F721F2ED1900AE2F9A /* Debug */ = {
			isa = XCBuildConfiguration;
			buildSettings = {
				ALWAYS_SEARCH_USER_PATHS = NO;
				CLANG_ANALYZER_NONNULL = YES;
				CLANG_ANALYZER_NUMBER_OBJECT_CONVERSION = YES_AGGRESSIVE;
				CLANG_CXX_LANGUAGE_STANDARD = "gnu++14";
				CLANG_CXX_LIBRARY = "libc++";
				CLANG_ENABLE_MODULES = YES;
				CLANG_ENABLE_OBJC_ARC = YES;
				CLANG_ENABLE_OBJC_WEAK = YES;
				CLANG_WARN_BLOCK_CAPTURE_AUTORELEASING = YES;
				CLANG_WARN_BOOL_CONVERSION = YES;
				CLANG_WARN_COMMA = YES;
				CLANG_WARN_CONSTANT_CONVERSION = YES;
				CLANG_WARN_DEPRECATED_OBJC_IMPLEMENTATIONS = YES;
				CLANG_WARN_DIRECT_OBJC_ISA_USAGE = YES_ERROR;
				CLANG_WARN_DOCUMENTATION_COMMENTS = YES;
				CLANG_WARN_EMPTY_BODY = YES;
				CLANG_WARN_ENUM_CONVERSION = YES;
				CLANG_WARN_INFINITE_RECURSION = YES;
				CLANG_WARN_INT_CONVERSION = YES;
				CLANG_WARN_NON_LITERAL_NULL_CONVERSION = YES;
				CLANG_WARN_OBJC_IMPLICIT_RETAIN_SELF = YES;
				CLANG_WARN_OBJC_LITERAL_CONVERSION = YES;
				CLANG_WARN_OBJC_ROOT_CLASS = YES_ERROR;
				CLANG_WARN_RANGE_LOOP_ANALYSIS = YES;
				CLANG_WARN_STRICT_PROTOTYPES = YES;
				CLANG_WARN_SUSPICIOUS_MOVE = YES;
				CLANG_WARN_UNGUARDED_AVAILABILITY = YES_AGGRESSIVE;
				CLANG_WARN_UNREACHABLE_CODE = YES;
				CLANG_WARN__DUPLICATE_METHOD_MATCH = YES;
				CODE_SIGN_IDENTITY = "iPhone Developer";
				COPY_PHASE_STRIP = NO;
				DEBUG_INFORMATION_FORMAT = dwarf;
				ENABLE_STRICT_OBJC_MSGSEND = YES;
				ENABLE_TESTABILITY = YES;
				GCC_C_LANGUAGE_STANDARD = gnu11;
				GCC_DYNAMIC_NO_PIC = NO;
				GCC_NO_COMMON_BLOCKS = YES;
				GCC_OPTIMIZATION_LEVEL = 0;
				GCC_PREPROCESSOR_DEFINITIONS = (
					"DEBUG=1",
					"$(inherited)",
				);
				GCC_WARN_64_TO_32_BIT_CONVERSION = YES;
				GCC_WARN_ABOUT_RETURN_TYPE = YES_ERROR;
				GCC_WARN_UNDECLARED_SELECTOR = YES;
				GCC_WARN_UNINITIALIZED_AUTOS = YES_AGGRESSIVE;
				GCC_WARN_UNUSED_FUNCTION = YES;
				GCC_WARN_UNUSED_VARIABLE = YES;
				IPHONEOS_DEPLOYMENT_TARGET = 12.1;
				MTL_ENABLE_DEBUG_INFO = INCLUDE_SOURCE;
				MTL_FAST_MATH = YES;
				ONLY_ACTIVE_ARCH = YES;
				SDKROOT = iphoneos;
				SWIFT_ACTIVE_COMPILATION_CONDITIONS = DEBUG;
				SWIFT_OPTIMIZATION_LEVEL = "-Onone";
			};
			name = Debug;
		};
		5A87E0F821F2ED1900AE2F9A /* Release */ = {
			isa = XCBuildConfiguration;
			buildSettings = {
				ALWAYS_SEARCH_USER_PATHS = NO;
				CLANG_ANALYZER_NONNULL = YES;
				CLANG_ANALYZER_NUMBER_OBJECT_CONVERSION = YES_AGGRESSIVE;
				CLANG_CXX_LANGUAGE_STANDARD = "gnu++14";
				CLANG_CXX_LIBRARY = "libc++";
				CLANG_ENABLE_MODULES = YES;
				CLANG_ENABLE_OBJC_ARC = YES;
				CLANG_ENABLE_OBJC_WEAK = YES;
				CLANG_WARN_BLOCK_CAPTURE_AUTORELEASING = YES;
				CLANG_WARN_BOOL_CONVERSION = YES;
				CLANG_WARN_COMMA = YES;
				CLANG_WARN_CONSTANT_CONVERSION = YES;
				CLANG_WARN_DEPRECATED_OBJC_IMPLEMENTATIONS = YES;
				CLANG_WARN_DIRECT_OBJC_ISA_USAGE = YES_ERROR;
				CLANG_WARN_DOCUMENTATION_COMMENTS = YES;
				CLANG_WARN_EMPTY_BODY = YES;
				CLANG_WARN_ENUM_CONVERSION = YES;
				CLANG_WARN_INFINITE_RECURSION = YES;
				CLANG_WARN_INT_CONVERSION = YES;
				CLANG_WARN_NON_LITERAL_NULL_CONVERSION = YES;
				CLANG_WARN_OBJC_IMPLICIT_RETAIN_SELF = YES;
				CLANG_WARN_OBJC_LITERAL_CONVERSION = YES;
				CLANG_WARN_OBJC_ROOT_CLASS = YES_ERROR;
				CLANG_WARN_RANGE_LOOP_ANALYSIS = YES;
				CLANG_WARN_STRICT_PROTOTYPES = YES;
				CLANG_WARN_SUSPICIOUS_MOVE = YES;
				CLANG_WARN_UNGUARDED_AVAILABILITY = YES_AGGRESSIVE;
				CLANG_WARN_UNREACHABLE_CODE = YES;
				CLANG_WARN__DUPLICATE_METHOD_MATCH = YES;
				CODE_SIGN_IDENTITY = "iPhone Developer";
				COPY_PHASE_STRIP = NO;
				DEBUG_INFORMATION_FORMAT = "dwarf-with-dsym";
				ENABLE_NS_ASSERTIONS = NO;
				ENABLE_STRICT_OBJC_MSGSEND = YES;
				GCC_C_LANGUAGE_STANDARD = gnu11;
				GCC_NO_COMMON_BLOCKS = YES;
				GCC_WARN_64_TO_32_BIT_CONVERSION = YES;
				GCC_WARN_ABOUT_RETURN_TYPE = YES_ERROR;
				GCC_WARN_UNDECLARED_SELECTOR = YES;
				GCC_WARN_UNINITIALIZED_AUTOS = YES_AGGRESSIVE;
				GCC_WARN_UNUSED_FUNCTION = YES;
				GCC_WARN_UNUSED_VARIABLE = YES;
				IPHONEOS_DEPLOYMENT_TARGET = 12.1;
				MTL_ENABLE_DEBUG_INFO = NO;
				MTL_FAST_MATH = YES;
				SDKROOT = iphoneos;
				SWIFT_COMPILATION_MODE = wholemodule;
				SWIFT_OPTIMIZATION_LEVEL = "-O";
				VALIDATE_PRODUCT = YES;
			};
			name = Release;
		};
		5A87E0FA21F2ED1900AE2F9A /* Debug */ = {
			isa = XCBuildConfiguration;
			buildSettings = {
				ASSETCATALOG_COMPILER_APPICON_NAME = AppIcon;
				CODE_SIGN_STYLE = Automatic;
				INFOPLIST_FILE = NetworkLayer/Info.plist;
				LD_RUNPATH_SEARCH_PATHS = (
					"$(inherited)",
					"@executable_path/Frameworks",
				);
				PRODUCT_BUNDLE_IDENTIFIER = com.a1debug.myHealth.NetworkLayer;
				PRODUCT_NAME = "$(TARGET_NAME)";
				SWIFT_VERSION = 4.2;
				TARGETED_DEVICE_FAMILY = "1,2";
			};
			name = Debug;
		};
		5A87E0FB21F2ED1900AE2F9A /* Release */ = {
			isa = XCBuildConfiguration;
			buildSettings = {
				ASSETCATALOG_COMPILER_APPICON_NAME = AppIcon;
				CODE_SIGN_STYLE = Automatic;
				INFOPLIST_FILE = NetworkLayer/Info.plist;
				LD_RUNPATH_SEARCH_PATHS = (
					"$(inherited)",
					"@executable_path/Frameworks",
				);
				PRODUCT_BUNDLE_IDENTIFIER = com.a1debug.myHealth.NetworkLayer;
				PRODUCT_NAME = "$(TARGET_NAME)";
				SWIFT_VERSION = 4.2;
				TARGETED_DEVICE_FAMILY = "1,2";
			};
			name = Release;
		};
		5A87E0FD21F2ED1900AE2F9A /* Debug */ = {
			isa = XCBuildConfiguration;
			buildSettings = {
				ALWAYS_EMBED_SWIFT_STANDARD_LIBRARIES = YES;
				BUNDLE_LOADER = "$(TEST_HOST)";
				CODE_SIGN_STYLE = Automatic;
				INFOPLIST_FILE = NetworkLayerTests/Info.plist;
				LD_RUNPATH_SEARCH_PATHS = (
					"$(inherited)",
					"@executable_path/Frameworks",
					"@loader_path/Frameworks",
				);
				PRODUCT_BUNDLE_IDENTIFIER = com.a1debug.myHealth.NetworkLayerTests;
				PRODUCT_NAME = "$(TARGET_NAME)";
				SWIFT_VERSION = 4.2;
				TARGETED_DEVICE_FAMILY = "1,2";
				TEST_HOST = "$(BUILT_PRODUCTS_DIR)/NetworkLayer.app/NetworkLayer";
			};
			name = Debug;
		};
		5A87E0FE21F2ED1900AE2F9A /* Release */ = {
			isa = XCBuildConfiguration;
			buildSettings = {
				ALWAYS_EMBED_SWIFT_STANDARD_LIBRARIES = YES;
				BUNDLE_LOADER = "$(TEST_HOST)";
				CODE_SIGN_STYLE = Automatic;
				INFOPLIST_FILE = NetworkLayerTests/Info.plist;
				LD_RUNPATH_SEARCH_PATHS = (
					"$(inherited)",
					"@executable_path/Frameworks",
					"@loader_path/Frameworks",
				);
				PRODUCT_BUNDLE_IDENTIFIER = com.a1debug.myHealth.NetworkLayerTests;
				PRODUCT_NAME = "$(TARGET_NAME)";
				SWIFT_VERSION = 4.2;
				TARGETED_DEVICE_FAMILY = "1,2";
				TEST_HOST = "$(BUILT_PRODUCTS_DIR)/NetworkLayer.app/NetworkLayer";
			};
			name = Release;
		};
/* End XCBuildConfiguration section */

/* Begin XCConfigurationList section */
		5A87E0D721F2ED1800AE2F9A /* Build configuration list for PBXProject "NetworkLayer" */ = {
			isa = XCConfigurationList;
			buildConfigurations = (
				5A87E0F721F2ED1900AE2F9A /* Debug */,
				5A87E0F821F2ED1900AE2F9A /* Release */,
			);
			defaultConfigurationIsVisible = 0;
			defaultConfigurationName = Release;
		};
		5A87E0F921F2ED1900AE2F9A /* Build configuration list for PBXNativeTarget "NetworkLayer" */ = {
			isa = XCConfigurationList;
			buildConfigurations = (
				5A87E0FA21F2ED1900AE2F9A /* Debug */,
				5A87E0FB21F2ED1900AE2F9A /* Release */,
			);
			defaultConfigurationIsVisible = 0;
			defaultConfigurationName = Release;
		};
		5A87E0FC21F2ED1900AE2F9A /* Build configuration list for PBXNativeTarget "NetworkLayerTests" */ = {
			isa = XCConfigurationList;
			buildConfigurations = (
				5A87E0FD21F2ED1900AE2F9A /* Debug */,
				5A87E0FE21F2ED1900AE2F9A /* Release */,
			);
			defaultConfigurationIsVisible = 0;
			defaultConfigurationName = Release;
		};
/* End XCConfigurationList section */
	};
	rootObject = 5A87E0D421F2ED1800AE2F9A /* Project object */;
}
